
Microsoft Visual Studio Solution File, Format Version 12.00
# Visual Studio Version 16
VisualStudioVersion = 16.0.31729.503
MinimumVisualStudioVersion = 10.0.40219.1
Project("{9092AA53-FB77-4645-B42D-1CCCA6BD08BD}") = "pimba-park", "pimba-park.njsproj", "{362E94DF-95DD-4EE9-9AF8-021C295964A3}"
EndProject
Global
	GlobalSection(SolutionConfigurationPlatforms) = preSolution
		Debug|Any CPU = Debug|Any CPU
		Release|Any CPU = Release|Any CPU
	EndGlobalSection
	GlobalSection(ProjectConfigurationPlatforms) = postSolution
		{362E94DF-95DD-4EE9-9AF8-021C295964A3}.Debug|Any CPU.ActiveCfg = Debug|Any CPU
		{362E94DF-95DD-4EE9-9AF8-021C295964A3}.Debug|Any CPU.Build.0 = Debug|Any CPU
		{362E94DF-95DD-4EE9-9AF8-021C295964A3}.Release|Any CPU.ActiveCfg = Release|Any CPU
		{362E94DF-95DD-4EE9-9AF8-021C295964A3}.Release|Any CPU.Build.0 = Release|Any CPU
	EndGlobalSection
	GlobalSection(SolutionProperties) = preSolution
		HideSolutionNode = FALSE
	EndGlobalSection
	GlobalSection(ExtensibilityGlobals) = postSolution
		SolutionGuid = {229C6008-5B7D-49E4-9B35-6905A3C296F7}
	EndGlobalSection
EndGlobal
